
Microsoft Visual Studio Solution File, Format Version 12.00
# Visual Studio 15
VisualStudioVersion = 15.0.28010.2003
MinimumVisualStudioVersion = 10.0.40219.1
Project("{FAE04EC0-301F-11D3-BF4B-00C04F79EFBC}") = "QuanLyKhSan", "QuanLyKhSan\QuanLyKhSan.csproj", "{692642E7-83DD-4071-BFC4-041428F05A0D}"
EndProject
Global
	GlobalSection(SolutionConfigurationPlatforms) = preSolution
		Debug|Any CPU = Debug|Any CPU
		Release|Any CPU = Release|Any CPU
	EndGlobalSection
	GlobalSection(ProjectConfigurationPlatforms) = postSolution
		{692642E7-83DD-4071-BFC4-041428F05A0D}.Debug|Any CPU.ActiveCfg = Debug|Any CPU
		{692642E7-83DD-4071-BFC4-041428F05A0D}.Debug|Any CPU.Build.0 = Debug|Any CPU
		{692642E7-83DD-4071-BFC4-041428F05A0D}.Release|Any CPU.ActiveCfg = Release|Any CPU
		{692642E7-83DD-4071-BFC4-041428F05A0D}.Release|Any CPU.Build.0 = Release|Any CPU
	EndGlobalSection
	GlobalSection(SolutionProperties) = preSolution
		HideSolutionNode = FALSE
	EndGlobalSection
	GlobalSection(ExtensibilityGlobals) = postSolution
		SolutionGuid = {C956B86E-2897-4B5E-A3B2-12A26DD6CEBF}
	EndGlobalSection
EndGlobal
